
Microsoft Visual Studio Solution File, Format Version 12.00
# Visual Studio 15
VisualStudioVersion = 15.0.26124.0
MinimumVisualStudioVersion = 15.0.26124.0
Project("{FAE04EC0-301F-11D3-BF4B-00C04F79EFBC}") = "Geometry", "Geometry\Geometry.csproj", "{D77987A8-2928-40B0-83FE-85AD4EEF7036}"
EndProject
Project("{FAE04EC0-301F-11D3-BF4B-00C04F79EFBC}") = "Geometry.Test", "Geometry.Test\Geometry.Test.csproj", "{AA597B95-6C97-4095-A9BF-47FE2C4EDC49}"
EndProject
Global
	GlobalSection(SolutionConfigurationPlatforms) = preSolution
		Debug|Any CPU = Debug|Any CPU
		Debug|x64 = Debug|x64
		Debug|x86 = Debug|x86
		Release|Any CPU = Release|Any CPU
		Release|x64 = Release|x64
		Release|x86 = Release|x86
	EndGlobalSection
	GlobalSection(SolutionProperties) = preSolution
		HideSolutionNode = FALSE
	EndGlobalSection
	GlobalSection(ProjectConfigurationPlatforms) = postSolution
		{D77987A8-2928-40B0-83FE-85AD4EEF7036}.Debug|Any CPU.ActiveCfg = Debug|Any CPU
		{D77987A8-2928-40B0-83FE-85AD4EEF7036}.Debug|Any CPU.Build.0 = Debug|Any CPU
		{D77987A8-2928-40B0-83FE-85AD4EEF7036}.Debug|x64.ActiveCfg = Debug|Any CPU
		{D77987A8-2928-40B0-83FE-85AD4EEF7036}.Debug|x64.Build.0 = Debug|Any CPU
		{D77987A8-2928-40B0-83FE-85AD4EEF7036}.Debug|x86.ActiveCfg = Debug|Any CPU
		{D77987A8-2928-40B0-83FE-85AD4EEF7036}.Debug|x86.Build.0 = Debug|Any CPU
		{D77987A8-2928-40B0-83FE-85AD4EEF7036}.Release|Any CPU.ActiveCfg = Release|Any CPU
		{D77987A8-2928-40B0-83FE-85AD4EEF7036}.Release|Any CPU.Build.0 = Release|Any CPU
		{D77987A8-2928-40B0-83FE-85AD4EEF7036}.Release|x64.ActiveCfg = Release|Any CPU
		{D77987A8-2928-40B0-83FE-85AD4EEF7036}.Release|x64.Build.0 = Release|Any CPU
		{D77987A8-2928-40B0-83FE-85AD4EEF7036}.Release|x86.ActiveCfg = Release|Any CPU
		{D77987A8-2928-40B0-83FE-85AD4EEF7036}.Release|x86.Build.0 = Release|Any CPU
		{AA597B95-6C97-4095-A9BF-47FE2C4EDC49}.Debug|Any CPU.ActiveCfg = Debug|Any CPU
		{AA597B95-6C97-4095-A9BF-47FE2C4EDC49}.Debug|Any CPU.Build.0 = Debug|Any CPU
		{AA597B95-6C97-4095-A9BF-47FE2C4EDC49}.Debug|x64.ActiveCfg = Debug|Any CPU
		{AA597B95-6C97-4095-A9BF-47FE2C4EDC49}.Debug|x64.Build.0 = Debug|Any CPU
		{AA597B95-6C97-4095-A9BF-47FE2C4EDC49}.Debug|x86.ActiveCfg = Debug|Any CPU
		{AA597B95-6C97-4095-A9BF-47FE2C4EDC49}.Debug|x86.Build.0 = Debug|Any CPU
		{AA597B95-6C97-4095-A9BF-47FE2C4EDC49}.Release|Any CPU.ActiveCfg = Release|Any CPU
		{AA597B95-6C97-4095-A9BF-47FE2C4EDC49}.Release|Any CPU.Build.0 = Release|Any CPU
		{AA597B95-6C97-4095-A9BF-47FE2C4EDC49}.Release|x64.ActiveCfg = Release|Any CPU
		{AA597B95-6C97-4095-A9BF-47FE2C4EDC49}.Release|x64.Build.0 = Release|Any CPU
		{AA597B95-6C97-4095-A9BF-47FE2C4EDC49}.Release|x86.ActiveCfg = Release|Any CPU
		{AA597B95-6C97-4095-A9BF-47FE2C4EDC49}.Release|x86.Build.0 = Release|Any CPU
	EndGlobalSection
EndGlobal
